PODS:
  - SnapKit (5.0.1)
  - TextFieldEffects (1.6.0)

DEPENDENCIES:
  - SnapKit (~> 5.0.0)
  - TextFieldEffects

SPEC REPOS:
  trunk:
    - SnapKit
    - TextFieldEffects

SPEC CHECKSUMS:
  SnapKit: 97b92857e3df3a0c71833cce143274bf6ef8e5eb
  TextFieldEffects: 529b8aff706fb40f82c41c780c0777941a893796

PODFILE CHECKSUM: 6a8cb88e54567e189a1b4a37c96740c6fd80995c

COCOAPODS: 1.15.2
